
Microsoft Visual Studio Solution File, Format Version 12.00
# Visual Studio Version 17
VisualStudioVersion = 17.3.32819.101
MinimumVisualStudioVersion = 10.0.40219.1
Project("{FAE04EC0-301F-11D3-BF4B-00C04F79EFBC}") = "Proj_ON_THE_FLY", "Proj_ON_THE_FLY\Proj_ON_THE_FLY.csproj", "{4ED11612-0480-477E-81BE-C3B7041845CE}"
EndProject
Global
	GlobalSection(SolutionConfigurationPlatforms) = preSolution
		Debug|Any CPU = Debug|Any CPU
		Release|Any CPU = Release|Any CPU
	EndGlobalSection
	GlobalSection(ProjectConfigurationPlatforms) = postSolution
		{4ED11612-0480-477E-81BE-C3B7041845CE}.Debug|Any CPU.ActiveCfg = Debug|Any CPU
		{4ED11612-0480-477E-81BE-C3B7041845CE}.Debug|Any CPU.Build.0 = Debug|Any CPU
		{4ED11612-0480-477E-81BE-C3B7041845CE}.Release|Any CPU.ActiveCfg = Release|Any CPU
		{4ED11612-0480-477E-81BE-C3B7041845CE}.Release|Any CPU.Build.0 = Release|Any CPU
	EndGlobalSection
	GlobalSection(SolutionProperties) = preSolution
		HideSolutionNode = FALSE
	EndGlobalSection
	GlobalSection(ExtensibilityGlobals) = postSolution
		SolutionGuid = {1B2D3540-3C27-47DF-85AB-21D9E7DAD445}
	EndGlobalSection
EndGlobal
